
Microsoft Visual Studio Solution File, Format Version 12.00
# Visual Studio Version 17
VisualStudioVersion = 17.6.33712.159
MinimumVisualStudioVersion = 10.0.40219.1
Project("{9A19103F-16F7-4668-BE54-9A1E7A4F7556}") = "BookAndOrderAPI", "BookAndOrderAPI\BookAndOrderAPI.csproj", "{EBB3E92F-AB99-4BA6-BB5E-C51A510AD17F}"
EndProject
Project("{FAE04EC0-301F-11D3-BF4B-00C04F79EFBC}") = "Models", "Models\Models.csproj", "{C4B3B7FD-3930-43C7-8952-ECDBADFC370C}"
EndProject
Project("{FAE04EC0-301F-11D3-BF4B-00C04F79EFBC}") = "DataLayer", "DataLayer\DataLayer.csproj", "{96979B1E-04D2-4D08-85C5-10C8DB6F3F4E}"
EndProject
Global
	GlobalSection(SolutionConfigurationPlatforms) = preSolution
		Debug|Any CPU = Debug|Any CPU
		Release|Any CPU = Release|Any CPU
	EndGlobalSection
	GlobalSection(ProjectConfigurationPlatforms) = postSolution
		{EBB3E92F-AB99-4BA6-BB5E-C51A510AD17F}.Debug|Any CPU.ActiveCfg = Debug|Any CPU
		{EBB3E92F-AB99-4BA6-BB5E-C51A510AD17F}.Debug|Any CPU.Build.0 = Debug|Any CPU
		{EBB3E92F-AB99-4BA6-BB5E-C51A510AD17F}.Release|Any CPU.ActiveCfg = Release|Any CPU
		{EBB3E92F-AB99-4BA6-BB5E-C51A510AD17F}.Release|Any CPU.Build.0 = Release|Any CPU
		{C4B3B7FD-3930-43C7-8952-ECDBADFC370C}.Debug|Any CPU.ActiveCfg = Debug|Any CPU
		{C4B3B7FD-3930-43C7-8952-ECDBADFC370C}.Debug|Any CPU.Build.0 = Debug|Any CPU
		{C4B3B7FD-3930-43C7-8952-ECDBADFC370C}.Release|Any CPU.ActiveCfg = Release|Any CPU
		{C4B3B7FD-3930-43C7-8952-ECDBADFC370C}.Release|Any CPU.Build.0 = Release|Any CPU
		{96979B1E-04D2-4D08-85C5-10C8DB6F3F4E}.Debug|Any CPU.ActiveCfg = Debug|Any CPU
		{96979B1E-04D2-4D08-85C5-10C8DB6F3F4E}.Debug|Any CPU.Build.0 = Debug|Any CPU
		{96979B1E-04D2-4D08-85C5-10C8DB6F3F4E}.Release|Any CPU.ActiveCfg = Release|Any CPU
		{96979B1E-04D2-4D08-85C5-10C8DB6F3F4E}.Release|Any CPU.Build.0 = Release|Any CPU
	EndGlobalSection
	GlobalSection(SolutionProperties) = preSolution
		HideSolutionNode = FALSE
	EndGlobalSection
	GlobalSection(ExtensibilityGlobals) = postSolution
		SolutionGuid = {71F79F0D-C3B3-47E4-88FA-1A4E4F97C31E}
	EndGlobalSection
EndGlobal
